
Microsoft Visual Studio Solution File, Format Version 12.00
# Visual Studio 15
VisualStudioVersion = 15.0.27703.2000
MinimumVisualStudioVersion = 10.0.40219.1
Project("{FAE04EC0-301F-11D3-BF4B-00C04F79EFBC}") = "TS-UNBANNER", "TS-UNBANNER\TS-UNBANNER.csproj", "{0137D9CB-CD8F-46E7-8394-5BAAFD7CEE76}"
EndProject
Project("{FAE04EC0-301F-11D3-BF4B-00C04F79EFBC}") = "ProductIdChanger", "ProductIdChanger\ProductIdChanger.csproj", "{EEF55777-EA27-40A0-B451-5CE1CEC96A70}"
EndProject
Global
	GlobalSection(SolutionConfigurationPlatforms) = preSolution
		Debug|Any CPU = Debug|Any CPU
		Release|Any CPU = Release|Any CPU
	EndGlobalSection
	GlobalSection(ProjectConfigurationPlatforms) = postSolution
		{0137D9CB-CD8F-46E7-8394-5BAAFD7CEE76}.Debug|Any CPU.ActiveCfg = Debug|Any CPU
		{0137D9CB-CD8F-46E7-8394-5BAAFD7CEE76}.Debug|Any CPU.Build.0 = Debug|Any CPU
		{0137D9CB-CD8F-46E7-8394-5BAAFD7CEE76}.Release|Any CPU.ActiveCfg = Release|Any CPU
		{0137D9CB-CD8F-46E7-8394-5BAAFD7CEE76}.Release|Any CPU.Build.0 = Release|Any CPU
		{EEF55777-EA27-40A0-B451-5CE1CEC96A70}.Debug|Any CPU.ActiveCfg = Debug|Any CPU
		{EEF55777-EA27-40A0-B451-5CE1CEC96A70}.Debug|Any CPU.Build.0 = Debug|Any CPU
		{EEF55777-EA27-40A0-B451-5CE1CEC96A70}.Release|Any CPU.ActiveCfg = Release|Any CPU
		{EEF55777-EA27-40A0-B451-5CE1CEC96A70}.Release|Any CPU.Build.0 = Release|Any CPU
	EndGlobalSection
	GlobalSection(SolutionProperties) = preSolution
		HideSolutionNode = FALSE
	EndGlobalSection
	GlobalSection(ExtensibilityGlobals) = postSolution
		SolutionGuid = {FADF4C5B-EB63-47D3-BD13-BC306F2AA8DA}
	EndGlobalSection
EndGlobal
